{
  "nodes": {
    "libosi-src": {
      "flake": false,
      "locked": {
        "lastModified": 1747316194,
        "narHash": "sha256-W0UivJRKsOAvUz7sNnb4ieF+SCviCCgNEcS6e9fIHhA=",
        "owner": "panda-re",
        "repo": "libosi",
        "rev": "70855ec07c8185ef89f7bebfc25d616ad81ca3ab",
        "type": "github"
      },
      "original": {
        "owner": "panda-re",
        "repo": "libosi",
        "type": "github"
      }
    },
    "nix-filter": {
      "locked": {
        "lastModified": 1757882181,
        "narHash": "sha256-+cCxYIh2UNalTz364p+QYmWHs0P+6wDhiWR4jDIKQIU=",
        "owner": "numtide",
        "repo": "nix-filter",
        "rev": "59c44d1909c72441144b93cf0f054be7fe764de5",
        "type": "github"
      },
      "original": {
        "owner": "numtide",
        "repo": "nix-filter",
        "type": "github"
      }
    },
    "nixpkgs": {
      "locked": {
        "lastModified": 1760965567,
        "narHash": "sha256-0JDOal5P7xzzAibvD0yTE3ptyvoVOAL0rcELmDdtSKg=",
        "owner": "NixOS",
        "repo": "nixpkgs",
        "rev": "cb82756ecc37fa623f8cf3e88854f9bf7f64af93",
        "type": "github"
      },
      "original": {
        "id": "nixpkgs",
        "type": "indirect"
      }
    },
    "nixpkgs-wireshark": {
      "locked": {
        "lastModified": 1654613154,
        "narHash": "sha256-Kqpik8NNIzErNoeiQc6FS9F7RMVuG9ykZzVkL+Z7nXg=",
        "owner": "NixOS",
        "repo": "nixpkgs",
        "rev": "e93823409f9e6b8e878edf060b430a14353a28f9",
        "type": "github"
      },
      "original": {
        "owner": "NixOS",
        "repo": "nixpkgs",
        "rev": "e93823409f9e6b8e878edf060b430a14353a28f9",
        "type": "github"
      }
    },
    "root": {
      "inputs": {
        "libosi-src": "libosi-src",
        "nix-filter": "nix-filter",
        "nixpkgs": "nixpkgs",
        "nixpkgs-wireshark": "nixpkgs-wireshark"
      }
    }
  },
  "root": "root",
  "version": 7
}
